
Microsoft Visual Studio Solution File, Format Version 12.00
# Visual Studio Version 16
VisualStudioVersion = 16.0.29009.5
MinimumVisualStudioVersion = 10.0.40219.1
Project("{9A19103F-16F7-4668-BE54-9A1E7A4F7556}") = "Sztorm.Collections", "Sztorm.Collections\Sztorm.Collections.csproj", "{4A3EA87A-2609-4A5A-BF24-8DFF249F84D1}"
EndProject
Project("{9A19103F-16F7-4668-BE54-9A1E7A4F7556}") = "Sztorm.Collections.Tests", "Sztorm.Collections.Tests\Sztorm.Collections.Tests.csproj", "{B0FD7BC0-8FDB-42E0-9D72-A778322C30ED}"
EndProject
Global
	GlobalSection(SolutionConfigurationPlatforms) = preSolution
		Debug|Any CPU = Debug|Any CPU
		Release|Any CPU = Release|Any CPU
	EndGlobalSection
	GlobalSection(ProjectConfigurationPlatforms) = postSolution
		{4A3EA87A-2609-4A5A-BF24-8DFF249F84D1}.Debug|Any CPU.ActiveCfg = Debug|Any CPU
		{4A3EA87A-2609-4A5A-BF24-8DFF249F84D1}.Debug|Any CPU.Build.0 = Debug|Any CPU
		{4A3EA87A-2609-4A5A-BF24-8DFF249F84D1}.Release|Any CPU.ActiveCfg = Release|Any CPU
		{4A3EA87A-2609-4A5A-BF24-8DFF249F84D1}.Release|Any CPU.Build.0 = Release|Any CPU
		{B0FD7BC0-8FDB-42E0-9D72-A778322C30ED}.Debug|Any CPU.ActiveCfg = Debug|Any CPU
		{B0FD7BC0-8FDB-42E0-9D72-A778322C30ED}.Debug|Any CPU.Build.0 = Debug|Any CPU
		{B0FD7BC0-8FDB-42E0-9D72-A778322C30ED}.Release|Any CPU.ActiveCfg = Release|Any CPU
		{B0FD7BC0-8FDB-42E0-9D72-A778322C30ED}.Release|Any CPU.Build.0 = Release|Any CPU
	EndGlobalSection
	GlobalSection(SolutionProperties) = preSolution
		HideSolutionNode = FALSE
	EndGlobalSection
	GlobalSection(ExtensibilityGlobals) = postSolution
		SolutionGuid = {73547F5D-B923-4D77-85F2-86C9F5F3AC0E}
	EndGlobalSection
EndGlobal
